// !$*UTF8*$!
{
	archiveVersion = 1;
	classes = {
	};
	objectVersion = 56;
	objects = {

/* Begin PBXBuildFile section */
		3D3C1EB2291E6702002EF976 /* .swiftlint.yml in Resources */ = {isa = PBXBuildFile; fileRef = 3D3C1EB1291E6702002EF976 /* .swiftlint.yml */; };
		3D3C1EB4291E676F002EF976 /* .gitignore in Resources */ = {isa = PBXBuildFile; fileRef = 3D3C1EB3291E676F002EF976 /* .gitignore */; };
		3D3C1EB8291E68D9002EF976 /* loc.strings in Resources */ = {isa = PBXBuildFile; fileRef = 3D3C1EBA291E68D9002EF976 /* loc.strings */; };
		3D3C1EC0291E69E7002EF976 /* Assets.stencil in Resources */ = {isa = PBXBuildFile; fileRef = 3D3C1EBE291E69E7002EF976 /* Assets.stencil */; };
		3D3C1EC1291E69E7002EF976 /* Strings.stencil in Resources */ = {isa = PBXBuildFile; fileRef = 3D3C1EBF291E69E7002EF976 /* Strings.stencil */; };
		3D3C1EC5291E6A4A002EF976 /* Strings.swift in Sources */ = {isa = PBXBuildFile; fileRef = 3D3C1EC3291E6A4A002EF976 /* Strings.swift */; };
		3D3C1EC6291E6A4A002EF976 /* Assets.swift in Sources */ = {isa = PBXBuildFile; fileRef = 3D3C1EC4291E6A4A002EF976 /* Assets.swift */; };
		3D7470D2291E4BF500DFB122 /* cchatApp.swift in Sources */ = {isa = PBXBuildFile; fileRef = 3D7470D1291E4BF500DFB122 /* cchatApp.swift */; };
		3D7470D4291E4BF500DFB122 /* ContentView.swift in Sources */ = {isa = PBXBuildFile; fileRef = 3D7470D3291E4BF500DFB122 /* ContentView.swift */; };
		3D7470D6291E4BF800DFB122 /* Assets.xcassets in Resources */ = {isa = PBXBuildFile; fileRef = 3D7470D5291E4BF800DFB122 /* Assets.xcassets */; };
		3D7470D9291E4BF800DFB122 /* Preview Assets.xcassets in Resources */ = {isa = PBXBuildFile; fileRef = 3D7470D8291E4BF800DFB122 /* Preview Assets.xcassets */; };
		D5A2620E397868CE22B40D72 /* Pods_cchat.framework in Frameworks */ = {isa = PBXBuildFile; fileRef = D62BF12FE4F082B5B6DC2D06 /* Pods_cchat.framework */; };
/* End PBXBuildFile section */

/* Begin PBXFileReference section */
		3D3C1EB1291E6702002EF976 /* .swiftlint.yml */ = {isa = PBXFileReference; fileEncoding = 4; lastKnownFileType = text.yaml; path = .swiftlint.yml; sourceTree = SOURCE_ROOT; };
		3D3C1EB3291E676F002EF976 /* .gitignore */ = {isa = PBXFileReference; fileEncoding = 4; lastKnownFileType = text; path = .gitignore; sourceTree = SOURCE_ROOT; };
		3D3C1EB9291E68D9002EF976 /* en */ = {isa = PBXFileReference; lastKnownFileType = text.plist.strings; name = en; path = en.lproj/loc.strings; sourceTree = "<group>"; };
		3D3C1EBE291E69E7002EF976 /* Assets.stencil */ = {isa = PBXFileReference; fileEncoding = 4; lastKnownFileType = text; path = Assets.stencil; sourceTree = "<group>"; };
		3D3C1EBF291E69E7002EF976 /* Strings.stencil */ = {isa = PBXFileReference; fileEncoding = 4; lastKnownFileType = text; path = Strings.stencil; sourceTree = "<group>"; };
		3D3C1EC3291E6A4A002EF976 /* Strings.swift */ = {isa = PBXFileReference; fileEncoding = 4; lastKnownFileType = sourcecode.swift; path = Strings.swift; sourceTree = "<group>"; };
		3D3C1EC4291E6A4A002EF976 /* Assets.swift */ = {isa = PBXFileReference; fileEncoding = 4; lastKnownFileType = sourcecode.swift; path = Assets.swift; sourceTree = "<group>"; };
		3D7470CE291E4BF500DFB122 /* cchat.app */ = {isa = PBXFileReference; explicitFileType = wrapper.application; includeInIndex = 0; path = cchat.app; sourceTree = BUILT_PRODUCTS_DIR; };
		3D7470D1291E4BF500DFB122 /* cchatApp.swift */ = {isa = PBXFileReference; lastKnownFileType = sourcecode.swift; path = cchatApp.swift; sourceTree = "<group>"; };
		3D7470D3291E4BF500DFB122 /* ContentView.swift */ = {isa = PBXFileReference; lastKnownFileType = sourcecode.swift; path = ContentView.swift; sourceTree = "<group>"; };
		3D7470D5291E4BF800DFB122 /* Assets.xcassets */ = {isa = PBXFileReference; lastKnownFileType = folder.assetcatalog; path = Assets.xcassets; sourceTree = "<group>"; };
		3D7470D8291E4BF800DFB122 /* Preview Assets.xcassets */ = {isa = PBXFileReference; lastKnownFileType = folder.assetcatalog; path = "Preview Assets.xcassets"; sourceTree = "<group>"; };
		8A82698C54449B6AE06461EC /* Pods-cchat.release.xcconfig */ = {isa = PBXFileReference; includeInIndex = 1; lastKnownFileType = text.xcconfig; name = "Pods-cchat.release.xcconfig"; path = "Target Support Files/Pods-cchat/Pods-cchat.release.xcconfig"; sourceTree = "<group>"; };
		B624F5525BF373523267791F /* Pods-cchat.debug.xcconfig */ = {isa = PBXFileReference; includeInIndex = 1; lastKnownFileType = text.xcconfig; name = "Pods-cchat.debug.xcconfig"; path = "Target Support Files/Pods-cchat/Pods-cchat.debug.xcconfig"; sourceTree = "<group>"; };
		D62BF12FE4F082B5B6DC2D06 /* Pods_cchat.framework */ = {isa = PBXFileReference; explicitFileType = wrapper.framework; includeInIndex = 0; path = Pods_cchat.framework; sourceTree = BUILT_PRODUCTS_DIR; };
/* End PBXFileReference section */

/* Begin PBXFrameworksBuildPhase section */
		3D7470CB291E4BF500DFB122 /* Frameworks */ = {
			isa = PBXFrameworksBuildPhase;
			buildActionMask = 2147483647;
			files = (
				D5A2620E397868CE22B40D72 /* Pods_cchat.framework in Frameworks */,
			);
			runOnlyForDeploymentPostprocessing = 0;
		};
/* End PBXFrameworksBuildPhase section */

/* Begin PBXGroup section */
		3D3C1EB5291E680E002EF976 /* Localizations */ = {
			isa = PBXGroup;
			children = (
				3D3C1EBA291E68D9002EF976 /* loc.strings */,
			);
			path = Localizations;
			sourceTree = "<group>";
		};
		3D3C1EBB291E6963002EF976 /* Resources */ = {
			isa = PBXGroup;
			children = (
				3D7470D5291E4BF800DFB122 /* Assets.xcassets */,
			);
			path = Resources;
			sourceTree = "<group>";
		};
		3D3C1EBC291E69AA002EF976 /* SwiftGen */ = {
			isa = PBXGroup;
			children = (
				3D3C1EC2291E69F7002EF976 /* Generated */,
				3D3C1EBD291E69B9002EF976 /* Templates */,
			);
			path = SwiftGen;
			sourceTree = "<group>";
		};
		3D3C1EBD291E69B9002EF976 /* Templates */ = {
			isa = PBXGroup;
			children = (
				3D3C1EBE291E69E7002EF976 /* Assets.stencil */,
				3D3C1EBF291E69E7002EF976 /* Strings.stencil */,
			);
			path = Templates;
			sourceTree = "<group>";
		};
		3D3C1EC2291E69F7002EF976 /* Generated */ = {
			isa = PBXGroup;
			children = (
				3D3C1EC4291E6A4A002EF976 /* Assets.swift */,
				3D3C1EC3291E6A4A002EF976 /* Strings.swift */,
			);
			path = Generated;
			sourceTree = "<group>";
		};
		3D7470C5291E4BF500DFB122 = {
			isa = PBXGroup;
			children = (
				3D7470D0291E4BF500DFB122 /* cchat */,
				3D7470CF291E4BF500DFB122 /* Products */,
				B0BDF10858ED1A70211FA77A /* Pods */,
				EF2B8F61554898B73281C262 /* Frameworks */,
			);
			sourceTree = "<group>";
		};
		3D7470CF291E4BF500DFB122 /* Products */ = {
			isa = PBXGroup;
			children = (
				3D7470CE291E4BF500DFB122 /* cchat.app */,
			);
			name = Products;
			sourceTree = "<group>";
		};
		3D7470D0291E4BF500DFB122 /* cchat */ = {
			isa = PBXGroup;
			children = (
				3D3C1EB5291E680E002EF976 /* Localizations */,
				3D7470E3291E4CBB00DFB122 /* Configuration */,
				3D7470E1291E4C6A00DFB122 /* Helpers */,
				3D7470E0291E4C5C00DFB122 /* Extensions */,
				3D7470DF291E4C1300DFB122 /* Features */,
				3D3C1EBB291E6963002EF976 /* Resources */,
				3D3C1EBC291E69AA002EF976 /* SwiftGen */,
				3D7470D7291E4BF800DFB122 /* Preview Content */,
			);
			path = cchat;
			sourceTree = "<group>";
		};
		3D7470D7291E4BF800DFB122 /* Preview Content */ = {
			isa = PBXGroup;
			children = (
				3D7470D8291E4BF800DFB122 /* Preview Assets.xcassets */,
			);
			path = "Preview Content";
			sourceTree = "<group>";
		};
		3D7470DF291E4C1300DFB122 /* Features */ = {
			isa = PBXGroup;
			children = (
				3D7470E2291E4C7A00DFB122 /* Login */,
			);
			path = Features;
			sourceTree = "<group>";
		};
		3D7470E0291E4C5C00DFB122 /* Extensions */ = {
			isa = PBXGroup;
			children = (
			);
			path = Extensions;
			sourceTree = "<group>";
		};
		3D7470E1291E4C6A00DFB122 /* Helpers */ = {
			isa = PBXGroup;
			children = (
			);
			path = Helpers;
			sourceTree = "<group>";
		};
		3D7470E2291E4C7A00DFB122 /* Login */ = {
			isa = PBXGroup;
			children = (
			);
			path = Login;
			sourceTree = "<group>";
		};
		3D7470E3291E4CBB00DFB122 /* Configuration */ = {
			isa = PBXGroup;
			children = (
				3D3C1EB1291E6702002EF976 /* .swiftlint.yml */,
				3D3C1EB3291E676F002EF976 /* .gitignore */,
				3D7470D3291E4BF500DFB122 /* ContentView.swift */,
				3D7470D1291E4BF500DFB122 /* cchatApp.swift */,
			);
			path = Configuration;
			sourceTree = "<group>";
		};
		B0BDF10858ED1A70211FA77A /* Pods */ = {
			isa = PBXGroup;
			children = (
				B624F5525BF373523267791F /* Pods-cchat.debug.xcconfig */,
				8A82698C54449B6AE06461EC /* Pods-cchat.release.xcconfig */,
			);
			path = Pods;
			sourceTree = "<group>";
		};
		EF2B8F61554898B73281C262 /* Frameworks */ = {
			isa = PBXGroup;
			children = (
				D62BF12FE4F082B5B6DC2D06 /* Pods_cchat.framework */,
			);
			name = Frameworks;
			sourceTree = "<group>";
		};
/* End PBXGroup section */

/* Begin PBXNativeTarget section */
		3D7470CD291E4BF500DFB122 /* cchat */ = {
			isa = PBXNativeTarget;
			buildConfigurationList = 3D7470DC291E4BF800DFB122 /* Build configuration list for PBXNativeTarget "cchat" */;
			buildPhases = (
				90822E85C35495C29E149AAE /* [CP] Check Pods Manifest.lock */,
				3D7470CA291E4BF500DFB122 /* Sources */,
				3D7470CB291E4BF500DFB122 /* Frameworks */,
				3D7470CC291E4BF500DFB122 /* Resources */,
				3D3C1EB0291E6696002EF976 /* SwiftLint */,
			);
			buildRules = (
			);
			dependencies = (
			);
			name = cchat;
			productName = cchat;
			productReference = 3D7470CE291E4BF500DFB122 /* cchat.app */;
			productType = "com.apple.product-type.application";
		};
/* End PBXNativeTarget section */

/* Begin PBXProject section */
		3D7470C6291E4BF500DFB122 /* Project object */ = {
			isa = PBXProject;
			attributes = {
				BuildIndependentTargetsInParallel = 1;
				LastSwiftUpdateCheck = 1400;
				LastUpgradeCheck = 1400;
				TargetAttributes = {
					3D7470CD291E4BF500DFB122 = {
						CreatedOnToolsVersion = 14.0.1;
					};
				};
			};
			buildConfigurationList = 3D7470C9291E4BF500DFB122 /* Build configuration list for PBXProject "cchat" */;
			compatibilityVersion = "Xcode 14.0";
			developmentRegion = en;
			hasScannedForEncodings = 0;
			knownRegions = (
				en,
				Base,
			);
			mainGroup = 3D7470C5291E4BF500DFB122;
			productRefGroup = 3D7470CF291E4BF500DFB122 /* Products */;
			projectDirPath = "";
			projectRoot = "";
			targets = (
				3D7470CD291E4BF500DFB122 /* cchat */,
			);
		};
/* End PBXProject section */

/* Begin PBXResourcesBuildPhase section */
		3D7470CC291E4BF500DFB122 /* Resources */ = {
			isa = PBXResourcesBuildPhase;
			buildActionMask = 2147483647;
			files = (
				3D3C1EC1291E69E7002EF976 /* Strings.stencil in Resources */,
				3D3C1EB4291E676F002EF976 /* .gitignore in Resources */,
				3D3C1EB8291E68D9002EF976 /* loc.strings in Resources */,
				3D3C1EB2291E6702002EF976 /* .swiftlint.yml in Resources */,
				3D7470D9291E4BF800DFB122 /* Preview Assets.xcassets in Resources */,
				3D7470D6291E4BF800DFB122 /* Assets.xcassets in Resources */,
				3D3C1EC0291E69E7002EF976 /* Assets.stencil in Resources */,
			);
			runOnlyForDeploymentPostprocessing = 0;
		};
/* End PBXResourcesBuildPhase section */

/* Begin PBXShellScriptBuildPhase section */
		3D3C1EB0291E6696002EF976 /* SwiftLint */ = {
			isa = PBXShellScriptBuildPhase;
			alwaysOutOfDate = 1;
			buildActionMask = 2147483647;
			files = (
			);
			inputFileListPaths = (
			);
			inputPaths = (
			);
			name = SwiftLint;
			outputFileListPaths = (
			);
			outputPaths = (
			);
			runOnlyForDeploymentPostprocessing = 0;
			shellPath = /bin/sh;
			shellScript = "if which swiftlint >/dev/null; then \n    swiftlint\nelse \n    echo \"Swiftlint not installed\"\nfi\n";
		};
		90822E85C35495C29E149AAE /* [CP] Check Pods Manifest.lock */ = {
			isa = PBXShellScriptBuildPhase;
			buildActionMask = 2147483647;
			files = (
			);
			inputFileListPaths = (
			);
			inputPaths = (
				"${PODS_PODFILE_DIR_PATH}/Podfile.lock",
				"${PODS_ROOT}/Manifest.lock",
			);
			name = "[CP] Check Pods Manifest.lock";
			outputFileListPaths = (
			);
			outputPaths = (
				"$(DERIVED_FILE_DIR)/Pods-cchat-checkManifestLockResult.txt",
			);
			runOnlyForDeploymentPostprocessing = 0;
			shellPath = /bin/sh;
			shellScript = "diff \"${PODS_PODFILE_DIR_PATH}/Podfile.lock\" \"${PODS_ROOT}/Manifest.lock\" > /dev/null\nif [ $? != 0 ] ; then\n    # print error to STDERR\n    echo \"error: The sandbox is not in sync with the Podfile.lock. Run 'pod install' or update your CocoaPods installation.\" >&2\n    exit 1\nfi\n# This output is used by Xcode 'outputs' to avoid re-running this script phase.\necho \"SUCCESS\" > \"${SCRIPT_OUTPUT_FILE_0}\"\n";
			showEnvVarsInLog = 0;
		};
/* End PBXShellScriptBuildPhase section */

/* Begin PBXSourcesBuildPhase section */
		3D7470CA291E4BF500DFB122 /* Sources */ = {
			isa = PBXSourcesBuildPhase;
			buildActionMask = 2147483647;
			files = (
				3D7470D4291E4BF500DFB122 /* ContentView.swift in Sources */,
				3D3C1EC5291E6A4A002EF976 /* Strings.swift in Sources */,
				3D3C1EC6291E6A4A002EF976 /* Assets.swift in Sources */,
				3D7470D2291E4BF500DFB122 /* cchatApp.swift in Sources */,
			);
			runOnlyForDeploymentPostprocessing = 0;
		};
/* End PBXSourcesBuildPhase section */

/* Begin PBXVariantGroup section */
		3D3C1EBA291E68D9002EF976 /* loc.strings */ = {
			isa = PBXVariantGroup;
			children = (
				3D3C1EB9291E68D9002EF976 /* en */,
			);
			name = loc.strings;
			sourceTree = "<group>";
		};
/* End PBXVariantGroup section */

/* Begin XCBuildConfiguration section */
		3D7470DA291E4BF800DFB122 /* Debug */ = {
			isa = XCBuildConfiguration;
			buildSettings = {
				ALWAYS_SEARCH_USER_PATHS = NO;
				CLANG_ANALYZER_NONNULL = YES;
				CLANG_ANALYZER_NUMBER_OBJECT_CONVERSION = YES_AGGRESSIVE;
				CLANG_CXX_LANGUAGE_STANDARD = "gnu++20";
				CLANG_ENABLE_MODULES = YES;
				CLANG_ENABLE_OBJC_ARC = YES;
				CLANG_ENABLE_OBJC_WEAK = YES;
				CLANG_WARN_BLOCK_CAPTURE_AUTORELEASING = YES;
				CLANG_WARN_BOOL_CONVERSION = YES;
				CLANG_WARN_COMMA = YES;
				CLANG_WARN_CONSTANT_CONVERSION = YES;
				CLANG_WARN_DEPRECATED_OBJC_IMPLEMENTATIONS = YES;
				CLANG_WARN_DIRECT_OBJC_ISA_USAGE = YES_ERROR;
				CLANG_WARN_DOCUMENTATION_COMMENTS = YES;
				CLANG_WARN_EMPTY_BODY = YES;
				CLANG_WARN_ENUM_CONVERSION = YES;
				CLANG_WARN_INFINITE_RECURSION = YES;
				CLANG_WARN_INT_CONVERSION = YES;
				CLANG_WARN_NON_LITERAL_NULL_CONVERSION = YES;
				CLANG_WARN_OBJC_IMPLICIT_RETAIN_SELF = YES;
				CLANG_WARN_OBJC_LITERAL_CONVERSION = YES;
				CLANG_WARN_OBJC_ROOT_CLASS = YES_ERROR;
				CLANG_WARN_QUOTED_INCLUDE_IN_FRAMEWORK_HEADER = YES;
				CLANG_WARN_RANGE_LOOP_ANALYSIS = YES;
				CLANG_WARN_STRICT_PROTOTYPES = YES;
				CLANG_WARN_SUSPICIOUS_MOVE = YES;
				CLANG_WARN_UNGUARDED_AVAILABILITY = YES_AGGRESSIVE;
				CLANG_WARN_UNREACHABLE_CODE = YES;
				CLANG_WARN__DUPLICATE_METHOD_MATCH = YES;
				COPY_PHASE_STRIP = NO;
				DEBUG_INFORMATION_FORMAT = dwarf;
				ENABLE_STRICT_OBJC_MSGSEND = YES;
				ENABLE_TESTABILITY = YES;
				GCC_C_LANGUAGE_STANDARD = gnu11;
				GCC_DYNAMIC_NO_PIC = NO;
				GCC_NO_COMMON_BLOCKS = YES;
				GCC_OPTIMIZATION_LEVEL = 0;
				GCC_PREPROCESSOR_DEFINITIONS = (
					"DEBUG=1",
					"$(inherited)",
				);
				GCC_WARN_64_TO_32_BIT_CONVERSION = YES;
				GCC_WARN_ABOUT_RETURN_TYPE = YES_ERROR;
				GCC_WARN_UNDECLARED_SELECTOR = YES;
				GCC_WARN_UNINITIALIZED_AUTOS = YES_AGGRESSIVE;
				GCC_WARN_UNUSED_FUNCTION = YES;
				GCC_WARN_UNUSED_VARIABLE = YES;
				IPHONEOS_DEPLOYMENT_TARGET = 16.0;
				MTL_ENABLE_DEBUG_INFO = INCLUDE_SOURCE;
				MTL_FAST_MATH = YES;
				ONLY_ACTIVE_ARCH = YES;
				SDKROOT = iphoneos;
				SWIFT_ACTIVE_COMPILATION_CONDITIONS = DEBUG;
				SWIFT_OPTIMIZATION_LEVEL = "-Onone";
			};
			name = Debug;
		};
		3D7470DB291E4BF800DFB122 /* Release */ = {
			isa = XCBuildConfiguration;
			buildSettings = {
				ALWAYS_SEARCH_USER_PATHS = NO;
				CLANG_ANALYZER_NONNULL = YES;
				CLANG_ANALYZER_NUMBER_OBJECT_CONVERSION = YES_AGGRESSIVE;
				CLANG_CXX_LANGUAGE_STANDARD = "gnu++20";
				CLANG_ENABLE_MODULES = YES;
				CLANG_ENABLE_OBJC_ARC = YES;
				CLANG_ENABLE_OBJC_WEAK = YES;
				CLANG_WARN_BLOCK_CAPTURE_AUTORELEASING = YES;
				CLANG_WARN_BOOL_CONVERSION = YES;
				CLANG_WARN_COMMA = YES;
				CLANG_WARN_CONSTANT_CONVERSION = YES;
				CLANG_WARN_DEPRECATED_OBJC_IMPLEMENTATIONS = YES;
				CLANG_WARN_DIRECT_OBJC_ISA_USAGE = YES_ERROR;
				CLANG_WARN_DOCUMENTATION_COMMENTS = YES;
				CLANG_WARN_EMPTY_BODY = YES;
				CLANG_WARN_ENUM_CONVERSION = YES;
				CLANG_WARN_INFINITE_RECURSION = YES;
				CLANG_WARN_INT_CONVERSION = YES;
				CLANG_WARN_NON_LITERAL_NULL_CONVERSION = YES;
				CLANG_WARN_OBJC_IMPLICIT_RETAIN_SELF = YES;
				CLANG_WARN_OBJC_LITERAL_CONVERSION = YES;
				CLANG_WARN_OBJC_ROOT_CLASS = YES_ERROR;
				CLANG_WARN_QUOTED_INCLUDE_IN_FRAMEWORK_HEADER = YES;
				CLANG_WARN_RANGE_LOOP_ANALYSIS = YES;
				CLANG_WARN_STRICT_PROTOTYPES = YES;
				CLANG_WARN_SUSPICIOUS_MOVE = YES;
				CLANG_WARN_UNGUARDED_AVAILABILITY = YES_AGGRESSIVE;
				CLANG_WARN_UNREACHABLE_CODE = YES;
				CLANG_WARN__DUPLICATE_METHOD_MATCH = YES;
				COPY_PHASE_STRIP = NO;
				DEBUG_INFORMATION_FORMAT = "dwarf-with-dsym";
				ENABLE_NS_ASSERTIONS = NO;
				ENABLE_STRICT_OBJC_MSGSEND = YES;
				GCC_C_LANGUAGE_STANDARD = gnu11;
				GCC_NO_COMMON_BLOCKS = YES;
				GCC_WARN_64_TO_32_BIT_CONVERSION = YES;
				GCC_WARN_ABOUT_RETURN_TYPE = YES_ERROR;
				GCC_WARN_UNDECLARED_SELECTOR = YES;
				GCC_WARN_UNINITIALIZED_AUTOS = YES_AGGRESSIVE;
				GCC_WARN_UNUSED_FUNCTION = YES;
				GCC_WARN_UNUSED_VARIABLE = YES;
				IPHONEOS_DEPLOYMENT_TARGET = 16.0;
				MTL_ENABLE_DEBUG_INFO = NO;
				MTL_FAST_MATH = YES;
				SDKROOT = iphoneos;
				SWIFT_COMPILATION_MODE = wholemodule;
				SWIFT_OPTIMIZATION_LEVEL = "-O";
				VALIDATE_PRODUCT = YES;
			};
			name = Release;
		};
		3D7470DD291E4BF800DFB122 /* Debug */ = {
			isa = XCBuildConfiguration;
			baseConfigurationReference = B624F5525BF373523267791F /* Pods-cchat.debug.xcconfig */;
			buildSettings = {
				ASSETCATALOG_COMPILER_APPICON_NAME = AppIcon;
				ASSETCATALOG_COMPILER_GLOBAL_ACCENT_COLOR_NAME = AccentColor;
				CODE_SIGN_STYLE = Automatic;
				CURRENT_PROJECT_VERSION = 1;
				DEVELOPMENT_ASSET_PATHS = "\"cchat/Preview Content\"";
				DEVELOPMENT_TEAM = 3TUZXXZK2L;
				ENABLE_PREVIEWS = YES;
				GENERATE_INFOPLIST_FILE = YES;
				INFOPLIST_KEY_UIApplicationSceneManifest_Generation = YES;
				INFOPLIST_KEY_UIApplicationSupportsIndirectInputEvents = YES;
				INFOPLIST_KEY_UILaunchScreen_Generation = YES;
				INFOPLIST_KEY_UISupportedInterfaceOrientations_iPad = "UIInterfaceOrientationPortrait UIInterfaceOrientationPortraitUpsideDown UIInterfaceOrientationLandscapeLeft UIInterfaceOrientationLandscapeRight";
				INFOPLIST_KEY_UISupportedInterfaceOrientations_iPhone = "UIInterfaceOrientationPortrait UIInterfaceOrientationLandscapeLeft UIInterfaceOrientationLandscapeRight";
				IPHONEOS_DEPLOYMENT_TARGET = 15.0;
				LD_RUNPATH_SEARCH_PATHS = (
					"$(inherited)",
					"@executable_path/Frameworks",
				);
				MARKETING_VERSION = 1.0;
				PRODUCT_BUNDLE_IDENTIFIER = "com.patryk-jastrzebski.cchat";
				PRODUCT_NAME = "$(TARGET_NAME)";
				SWIFT_EMIT_LOC_STRINGS = YES;
				SWIFT_VERSION = 5.0;
				TARGETED_DEVICE_FAMILY = "1,2";
			};
			name = Debug;
		};
		3D7470DE291E4BF800DFB122 /* Release */ = {
			isa = XCBuildConfiguration;
			baseConfigurationReference = 8A82698C54449B6AE06461EC /* Pods-cchat.release.xcconfig */;
			buildSettings = {
				ASSETCATALOG_COMPILER_APPICON_NAME = AppIcon;
				ASSETCATALOG_COMPILER_GLOBAL_ACCENT_COLOR_NAME = AccentColor;
				CODE_SIGN_STYLE = Automatic;
				CURRENT_PROJECT_VERSION = 1;
				DEVELOPMENT_ASSET_PATHS = "\"cchat/Preview Content\"";
				DEVELOPMENT_TEAM = 3TUZXXZK2L;
				ENABLE_PREVIEWS = YES;
				GENERATE_INFOPLIST_FILE = YES;
				INFOPLIST_KEY_UIApplicationSceneManifest_Generation = YES;
				INFOPLIST_KEY_UIApplicationSupportsIndirectInputEvents = YES;
				INFOPLIST_KEY_UILaunchScreen_Generation = YES;
				INFOPLIST_KEY_UISupportedInterfaceOrientations_iPad = "UIInterfaceOrientationPortrait UIInterfaceOrientationPortraitUpsideDown UIInterfaceOrientationLandscapeLeft UIInterfaceOrientationLandscapeRight";
				INFOPLIST_KEY_UISupportedInterfaceOrientations_iPhone = "UIInterfaceOrientationPortrait UIInterfaceOrientationLandscapeLeft UIInterfaceOrientationLandscapeRight";
				IPHONEOS_DEPLOYMENT_TARGET = 15.0;
				LD_RUNPATH_SEARCH_PATHS = (
					"$(inherited)",
					"@executable_path/Frameworks",
				);
				MARKETING_VERSION = 1.0;
				PRODUCT_BUNDLE_IDENTIFIER = "com.patryk-jastrzebski.cchat";
				PRODUCT_NAME = "$(TARGET_NAME)";
				SWIFT_EMIT_LOC_STRINGS = YES;
				SWIFT_VERSION = 5.0;
				TARGETED_DEVICE_FAMILY = "1,2";
			};
			name = Release;
		};
/* End XCBuildConfiguration section */

/* Begin XCConfigurationList section */
		3D7470C9291E4BF500DFB122 /* Build configuration list for PBXProject "cchat" */ = {
			isa = XCConfigurationList;
			buildConfigurations = (
				3D7470DA291E4BF800DFB122 /* Debug */,
				3D7470DB291E4BF800DFB122 /* Release */,
			);
			defaultConfigurationIsVisible = 0;
			defaultConfigurationName = Release;
		};
		3D7470DC291E4BF800DFB122 /* Build configuration list for PBXNativeTarget "cchat" */ = {
			isa = XCConfigurationList;
			buildConfigurations = (
				3D7470DD291E4BF800DFB122 /* Debug */,
				3D7470DE291E4BF800DFB122 /* Release */,
			);
			defaultConfigurationIsVisible = 0;
			defaultConfigurationName = Release;
		};
/* End XCConfigurationList section */
	};
	rootObject = 3D7470C6291E4BF500DFB122 /* Project object */;
}
